
Microsoft Visual Studio Solution File, Format Version 12.00
# Visual Studio Version 17
VisualStudioVersion = 17.5.33627.172
MinimumVisualStudioVersion = 10.0.40219.1
Project("{9A19103F-16F7-4668-BE54-9A1E7A4F7556}") = "Entities", "Entities\Entities.csproj", "{BD46B8AF-BBC1-4DE3-81E3-E042D9B1F94F}"
EndProject
Project("{9A19103F-16F7-4668-BE54-9A1E7A4F7556}") = "DataAccess", "DataAccess\DataAccess.csproj", "{3217299D-A935-48CA-BF4D-2BEAA6941FC7}"
EndProject
Project("{9A19103F-16F7-4668-BE54-9A1E7A4F7556}") = "Business", "Business\Business.csproj", "{1AE50250-1196-4D76-80BA-7C05601D8E33}"
EndProject
Project("{9A19103F-16F7-4668-BE54-9A1E7A4F7556}") = "Console", "Console\Console.csproj", "{AE3B535A-9978-411F-8166-413514EB36A3}"
EndProject
Project("{9A19103F-16F7-4668-BE54-9A1E7A4F7556}") = "Core", "Core\Core.csproj", "{51D6927C-5A3D-4073-AC6D-561C574D2F18}"
EndProject
Project("{9A19103F-16F7-4668-BE54-9A1E7A4F7556}") = "WebAPI", "WebAPI\WebAPI.csproj", "{4EF2ED02-A022-4AF9-A665-BE1947685F55}"
EndProject
Project("{FAE04EC0-301F-11D3-BF4B-00C04F79EFBC}") = "Test", "Test\Test.csproj", "{97159925-5914-4E48-B600-FDB1224518DD}"
EndProject
Global
	GlobalSection(SolutionConfigurationPlatforms) = preSolution
		Debug|Any CPU = Debug|Any CPU
		Release|Any CPU = Release|Any CPU
	EndGlobalSection
	GlobalSection(ProjectConfigurationPlatforms) = postSolution
		{BD46B8AF-BBC1-4DE3-81E3-E042D9B1F94F}.Debug|Any CPU.ActiveCfg = Debug|Any CPU
		{BD46B8AF-BBC1-4DE3-81E3-E042D9B1F94F}.Debug|Any CPU.Build.0 = Debug|Any CPU
		{BD46B8AF-BBC1-4DE3-81E3-E042D9B1F94F}.Release|Any CPU.ActiveCfg = Release|Any CPU
		{BD46B8AF-BBC1-4DE3-81E3-E042D9B1F94F}.Release|Any CPU.Build.0 = Release|Any CPU
		{3217299D-A935-48CA-BF4D-2BEAA6941FC7}.Debug|Any CPU.ActiveCfg = Debug|Any CPU
		{3217299D-A935-48CA-BF4D-2BEAA6941FC7}.Debug|Any CPU.Build.0 = Debug|Any CPU
		{3217299D-A935-48CA-BF4D-2BEAA6941FC7}.Release|Any CPU.ActiveCfg = Release|Any CPU
		{3217299D-A935-48CA-BF4D-2BEAA6941FC7}.Release|Any CPU.Build.0 = Release|Any CPU
		{1AE50250-1196-4D76-80BA-7C05601D8E33}.Debug|Any CPU.ActiveCfg = Debug|Any CPU
		{1AE50250-1196-4D76-80BA-7C05601D8E33}.Debug|Any CPU.Build.0 = Debug|Any CPU
		{1AE50250-1196-4D76-80BA-7C05601D8E33}.Release|Any CPU.ActiveCfg = Release|Any CPU
		{1AE50250-1196-4D76-80BA-7C05601D8E33}.Release|Any CPU.Build.0 = Release|Any CPU
		{AE3B535A-9978-411F-8166-413514EB36A3}.Debug|Any CPU.ActiveCfg = Debug|Any CPU
		{AE3B535A-9978-411F-8166-413514EB36A3}.Debug|Any CPU.Build.0 = Debug|Any CPU
		{AE3B535A-9978-411F-8166-413514EB36A3}.Release|Any CPU.ActiveCfg = Release|Any CPU
		{AE3B535A-9978-411F-8166-413514EB36A3}.Release|Any CPU.Build.0 = Release|Any CPU
		{51D6927C-5A3D-4073-AC6D-561C574D2F18}.Debug|Any CPU.ActiveCfg = Debug|Any CPU
		{51D6927C-5A3D-4073-AC6D-561C574D2F18}.Debug|Any CPU.Build.0 = Debug|Any CPU
		{51D6927C-5A3D-4073-AC6D-561C574D2F18}.Release|Any CPU.ActiveCfg = Release|Any CPU
		{51D6927C-5A3D-4073-AC6D-561C574D2F18}.Release|Any CPU.Build.0 = Release|Any CPU
		{4EF2ED02-A022-4AF9-A665-BE1947685F55}.Debug|Any CPU.ActiveCfg = Debug|Any CPU
		{4EF2ED02-A022-4AF9-A665-BE1947685F55}.Debug|Any CPU.Build.0 = Debug|Any CPU
		{4EF2ED02-A022-4AF9-A665-BE1947685F55}.Release|Any CPU.ActiveCfg = Release|Any CPU
		{4EF2ED02-A022-4AF9-A665-BE1947685F55}.Release|Any CPU.Build.0 = Release|Any CPU
		{97159925-5914-4E48-B600-FDB1224518DD}.Debug|Any CPU.ActiveCfg = Debug|Any CPU
		{97159925-5914-4E48-B600-FDB1224518DD}.Debug|Any CPU.Build.0 = Debug|Any CPU
		{97159925-5914-4E48-B600-FDB1224518DD}.Release|Any CPU.ActiveCfg = Release|Any CPU
		{97159925-5914-4E48-B600-FDB1224518DD}.Release|Any CPU.Build.0 = Release|Any CPU
	EndGlobalSection
	GlobalSection(SolutionProperties) = preSolution
		HideSolutionNode = FALSE
	EndGlobalSection
	GlobalSection(ExtensibilityGlobals) = postSolution
		SolutionGuid = {2D4D1945-3A4E-4EB3-B1BB-A4CB425AFFBB}
	EndGlobalSection
EndGlobal
