
Microsoft Visual Studio Solution File, Format Version 12.00
# Visual Studio Version 17
VisualStudioVersion = 17.5.33627.172
MinimumVisualStudioVersion = 10.0.40219.1
Project("{FAE04EC0-301F-11D3-BF4B-00C04F79EFBC}") = "Entities", "Entities\Entities.csproj", "{BD46B8AF-BBC1-4DE3-81E3-E042D9B1F94F}"
EndProject
Project("{FAE04EC0-301F-11D3-BF4B-00C04F79EFBC}") = "DataAccess", "DataAccess\DataAccess.csproj", "{3217299D-A935-48CA-BF4D-2BEAA6941FC7}"
EndProject
Project("{FAE04EC0-301F-11D3-BF4B-00C04F79EFBC}") = "Business", "Business\Business.csproj", "{1AE50250-1196-4D76-80BA-7C05601D8E33}"
EndProject
Project("{FAE04EC0-301F-11D3-BF4B-00C04F79EFBC}") = "Console", "Console\Console.csproj", "{AE3B535A-9978-411F-8166-413514EB36A3}"
EndProject
Global
	GlobalSection(SolutionConfigurationPlatforms) = preSolution
		Debug|Any CPU = Debug|Any CPU
		Release|Any CPU = Release|Any CPU
	EndGlobalSection
	GlobalSection(ProjectConfigurationPlatforms) = postSolution
		{BD46B8AF-BBC1-4DE3-81E3-E042D9B1F94F}.Debug|Any CPU.ActiveCfg = Debug|Any CPU
		{BD46B8AF-BBC1-4DE3-81E3-E042D9B1F94F}.Debug|Any CPU.Build.0 = Debug|Any CPU
		{BD46B8AF-BBC1-4DE3-81E3-E042D9B1F94F}.Release|Any CPU.ActiveCfg = Release|Any CPU
		{BD46B8AF-BBC1-4DE3-81E3-E042D9B1F94F}.Release|Any CPU.Build.0 = Release|Any CPU
		{3217299D-A935-48CA-BF4D-2BEAA6941FC7}.Debug|Any CPU.ActiveCfg = Debug|Any CPU
		{3217299D-A935-48CA-BF4D-2BEAA6941FC7}.Debug|Any CPU.Build.0 = Debug|Any CPU
		{3217299D-A935-48CA-BF4D-2BEAA6941FC7}.Release|Any CPU.ActiveCfg = Release|Any CPU
		{3217299D-A935-48CA-BF4D-2BEAA6941FC7}.Release|Any CPU.Build.0 = Release|Any CPU
		{1AE50250-1196-4D76-80BA-7C05601D8E33}.Debug|Any CPU.ActiveCfg = Debug|Any CPU
		{1AE50250-1196-4D76-80BA-7C05601D8E33}.Debug|Any CPU.Build.0 = Debug|Any CPU
		{1AE50250-1196-4D76-80BA-7C05601D8E33}.Release|Any CPU.ActiveCfg = Release|Any CPU
		{1AE50250-1196-4D76-80BA-7C05601D8E33}.Release|Any CPU.Build.0 = Release|Any CPU
		{AE3B535A-9978-411F-8166-413514EB36A3}.Debug|Any CPU.ActiveCfg = Debug|Any CPU
		{AE3B535A-9978-411F-8166-413514EB36A3}.Debug|Any CPU.Build.0 = Debug|Any CPU
		{AE3B535A-9978-411F-8166-413514EB36A3}.Release|Any CPU.ActiveCfg = Release|Any CPU
		{AE3B535A-9978-411F-8166-413514EB36A3}.Release|Any CPU.Build.0 = Release|Any CPU
	EndGlobalSection
	GlobalSection(SolutionProperties) = preSolution
		HideSolutionNode = FALSE
	EndGlobalSection
	GlobalSection(ExtensibilityGlobals) = postSolution
		SolutionGuid = {2D4D1945-3A4E-4EB3-B1BB-A4CB425AFFBB}
	EndGlobalSection
EndGlobal
